<Solution>
  <Folder Name="/src/">
    <Project Path="src/RealmsOfIdle.Core/RealmsOfIdle.Core.csproj" />
  </Folder>
  <Folder Name="/tests/">
    <Project Path="tests/RealmsOfIdle.Tests/RealmsOfIdle.Tests.csproj" />
  </Folder>
  <Project Path="IdleWorld.Server/IdleWorld.Server.csproj" />
</Solution>
